
Microsoft Visual Studio Solution File, Format Version 12.00
# Visual Studio Version 16
VisualStudioVersion = 16.0.30104.148
MinimumVisualStudioVersion = 10.0.40219.1
Project("{FAE04EC0-301F-11D3-BF4B-00C04F79EFBC}") = "pryIEFI-Zamora", "pryIEFI-Zamora\pryIEFI-Zamora.csproj", "{40E72320-CC26-4920-B3D6-BB354773E66F}"
EndProject
Global
	GlobalSection(SolutionConfigurationPlatforms) = preSolution
		Debug|Any CPU = Debug|Any CPU
		Release|Any CPU = Release|Any CPU
	EndGlobalSection
	GlobalSection(ProjectConfigurationPlatforms) = postSolution
		{40E72320-CC26-4920-B3D6-BB354773E66F}.Debug|Any CPU.ActiveCfg = Debug|Any CPU
		{40E72320-CC26-4920-B3D6-BB354773E66F}.Debug|Any CPU.Build.0 = Debug|Any CPU
		{40E72320-CC26-4920-B3D6-BB354773E66F}.Release|Any CPU.ActiveCfg = Release|Any CPU
		{40E72320-CC26-4920-B3D6-BB354773E66F}.Release|Any CPU.Build.0 = Release|Any CPU
	EndGlobalSection
	GlobalSection(SolutionProperties) = preSolution
		HideSolutionNode = FALSE
	EndGlobalSection
	GlobalSection(ExtensibilityGlobals) = postSolution
		SolutionGuid = {E8D8D39F-28DE-4BFA-8202-88F56C118D95}
	EndGlobalSection
EndGlobal
